
Microsoft Visual Studio Solution File, Format Version 12.00
# Visual Studio Version 17
Project("{2150E333-8FDC-42A3-9474-1A3956D46DE8}") = "CMakePredefinedTargets", "CMakePredefinedTargets", "{2071ACA7-9A6F-3471-82D1-D6BBC5CC4555}"
EndProject
Project("{2150E333-8FDC-42A3-9474-1A3956D46DE8}") = "Import", "Import", "{F8CE3A8B-D65D-390B-92A1-72055B33FF5B}"
EndProject
Project("{2150E333-8FDC-42A3-9474-1A3956D46DE8}") = "GoogleTest", "Import\GoogleTest", "{7EB138E4-9C4E-306A-A137-58079C7B83EE}"
EndProject
Project("{8BC9CEB8-8B4A-11D0-8D11-00A0C91BC942}") = "test", "test\test.vcxproj", "{E0CE11B5-0E6D-3CB9-82BD-883168353435}"
	ProjectSection(ProjectDependencies) = postProject
		{B335AA4F-407E-3140-969B-EB5A8ED4F419} = {B335AA4F-407E-3140-969B-EB5A8ED4F419}
		{ABBCC946-C971-3B45-81A0-0DA05598AF5C} = {ABBCC946-C971-3B45-81A0-0DA05598AF5C}
		{36FE0EC9-5D76-3236-B647-00536B89CF5C} = {36FE0EC9-5D76-3236-B647-00536B89CF5C}
	EndProjectSection
EndProject
Project("{8BC9CEB8-8B4A-11D0-8D11-00A0C91BC942}") = "ALL_BUILD", "ALL_BUILD.vcxproj", "{33CA9DE9-3E74-342A-957E-12D46FAECD7F}"
	ProjectSection(ProjectDependencies) = postProject
		{81F63D9F-6328-3561-9528-259484CF347E} = {81F63D9F-6328-3561-9528-259484CF347E}
		{B335AA4F-407E-3140-969B-EB5A8ED4F419} = {B335AA4F-407E-3140-969B-EB5A8ED4F419}
		{C2F834EE-0671-3C10-82EC-38A26FD72C96} = {C2F834EE-0671-3C10-82EC-38A26FD72C96}
		{43AB0207-9512-3760-9743-0054CE5121AF} = {43AB0207-9512-3760-9743-0054CE5121AF}
		{ABBCC946-C971-3B45-81A0-0DA05598AF5C} = {ABBCC946-C971-3B45-81A0-0DA05598AF5C}
		{36FE0EC9-5D76-3236-B647-00536B89CF5C} = {36FE0EC9-5D76-3236-B647-00536B89CF5C}
		{E0CE11B5-0E6D-3CB9-82BD-883168353435} = {E0CE11B5-0E6D-3CB9-82BD-883168353435}
	EndProjectSection
EndProject
Project("{8BC9CEB8-8B4A-11D0-8D11-00A0C91BC942}") = "INSTALL", "INSTALL.vcxproj", "{9A2FCA2B-8A87-3495-90E4-4FB589C6E04A}"
	ProjectSection(ProjectDependencies) = postProject
		{33CA9DE9-3E74-342A-957E-12D46FAECD7F} = {33CA9DE9-3E74-342A-957E-12D46FAECD7F}
		{B335AA4F-407E-3140-969B-EB5A8ED4F419} = {B335AA4F-407E-3140-969B-EB5A8ED4F419}
	EndProjectSection
EndProject
Project("{8BC9CEB8-8B4A-11D0-8D11-00A0C91BC942}") = "TestMod", "main\TestMod.vcxproj", "{81F63D9F-6328-3561-9528-259484CF347E}"
	ProjectSection(ProjectDependencies) = postProject
		{B335AA4F-407E-3140-969B-EB5A8ED4F419} = {B335AA4F-407E-3140-969B-EB5A8ED4F419}
	EndProjectSection
EndProject
Project("{8BC9CEB8-8B4A-11D0-8D11-00A0C91BC942}") = "ZERO_CHECK", "ZERO_CHECK.vcxproj", "{B335AA4F-407E-3140-969B-EB5A8ED4F419}"
	ProjectSection(ProjectDependencies) = postProject
	EndProjectSection
EndProject
Project("{8BC9CEB8-8B4A-11D0-8D11-00A0C91BC942}") = "gmock", "_deps\googletest-build\googlemock\gmock.vcxproj", "{C2F834EE-0671-3C10-82EC-38A26FD72C96}"
	ProjectSection(ProjectDependencies) = postProject
		{B335AA4F-407E-3140-969B-EB5A8ED4F419} = {B335AA4F-407E-3140-969B-EB5A8ED4F419}
	EndProjectSection
EndProject
Project("{8BC9CEB8-8B4A-11D0-8D11-00A0C91BC942}") = "gmock_main", "_deps\googletest-build\googlemock\gmock_main.vcxproj", "{43AB0207-9512-3760-9743-0054CE5121AF}"
	ProjectSection(ProjectDependencies) = postProject
		{B335AA4F-407E-3140-969B-EB5A8ED4F419} = {B335AA4F-407E-3140-969B-EB5A8ED4F419}
	EndProjectSection
EndProject
Project("{8BC9CEB8-8B4A-11D0-8D11-00A0C91BC942}") = "gtest", "_deps\googletest-build\googletest\gtest.vcxproj", "{ABBCC946-C971-3B45-81A0-0DA05598AF5C}"
	ProjectSection(ProjectDependencies) = postProject
		{B335AA4F-407E-3140-969B-EB5A8ED4F419} = {B335AA4F-407E-3140-969B-EB5A8ED4F419}
	EndProjectSection
EndProject
Project("{8BC9CEB8-8B4A-11D0-8D11-00A0C91BC942}") = "gtest_main", "_deps\googletest-build\googletest\gtest_main.vcxproj", "{36FE0EC9-5D76-3236-B647-00536B89CF5C}"
	ProjectSection(ProjectDependencies) = postProject
		{B335AA4F-407E-3140-969B-EB5A8ED4F419} = {B335AA4F-407E-3140-969B-EB5A8ED4F419}
		{ABBCC946-C971-3B45-81A0-0DA05598AF5C} = {ABBCC946-C971-3B45-81A0-0DA05598AF5C}
	EndProjectSection
EndProject
Global
	GlobalSection(SolutionConfigurationPlatforms) = preSolution
		Debug|x64 = Debug|x64
		Release|x64 = Release|x64
		MinSizeRel|x64 = MinSizeRel|x64
		RelWithDebInfo|x64 = RelWithDebInfo|x64
	EndGlobalSection
	GlobalSection(ProjectConfigurationPlatforms) = postSolution
		{E0CE11B5-0E6D-3CB9-82BD-883168353435}.Debug|x64.ActiveCfg = Debug|x64
		{E0CE11B5-0E6D-3CB9-82BD-883168353435}.Debug|x64.Build.0 = Debug|x64
		{E0CE11B5-0E6D-3CB9-82BD-883168353435}.Release|x64.ActiveCfg = Release|x64
		{E0CE11B5-0E6D-3CB9-82BD-883168353435}.Release|x64.Build.0 = Release|x64
		{E0CE11B5-0E6D-3CB9-82BD-883168353435}.MinSizeRel|x64.ActiveCfg = MinSizeRel|x64
		{E0CE11B5-0E6D-3CB9-82BD-883168353435}.MinSizeRel|x64.Build.0 = MinSizeRel|x64
		{E0CE11B5-0E6D-3CB9-82BD-883168353435}.RelWithDebInfo|x64.ActiveCfg = RelWithDebInfo|x64
		{E0CE11B5-0E6D-3CB9-82BD-883168353435}.RelWithDebInfo|x64.Build.0 = RelWithDebInfo|x64
		{33CA9DE9-3E74-342A-957E-12D46FAECD7F}.Debug|x64.ActiveCfg = Debug|x64
		{33CA9DE9-3E74-342A-957E-12D46FAECD7F}.Debug|x64.Build.0 = Debug|x64
		{33CA9DE9-3E74-342A-957E-12D46FAECD7F}.Release|x64.ActiveCfg = Release|x64
		{33CA9DE9-3E74-342A-957E-12D46FAECD7F}.Release|x64.Build.0 = Release|x64
		{33CA9DE9-3E74-342A-957E-12D46FAECD7F}.MinSizeRel|x64.ActiveCfg = MinSizeRel|x64
		{33CA9DE9-3E74-342A-957E-12D46FAECD7F}.MinSizeRel|x64.Build.0 = MinSizeRel|x64
		{33CA9DE9-3E74-342A-957E-12D46FAECD7F}.RelWithDebInfo|x64.ActiveCfg = RelWithDebInfo|x64
		{33CA9DE9-3E74-342A-957E-12D46FAECD7F}.RelWithDebInfo|x64.Build.0 = RelWithDebInfo|x64
		{9A2FCA2B-8A87-3495-90E4-4FB589C6E04A}.Debug|x64.ActiveCfg = Debug|x64
		{9A2FCA2B-8A87-3495-90E4-4FB589C6E04A}.Release|x64.ActiveCfg = Release|x64
		{9A2FCA2B-8A87-3495-90E4-4FB589C6E04A}.MinSizeRel|x64.ActiveCfg = MinSizeRel|x64
		{9A2FCA2B-8A87-3495-90E4-4FB589C6E04A}.RelWithDebInfo|x64.ActiveCfg = RelWithDebInfo|x64
		{81F63D9F-6328-3561-9528-259484CF347E}.Debug|x64.ActiveCfg = Debug|x64
		{81F63D9F-6328-3561-9528-259484CF347E}.Debug|x64.Build.0 = Debug|x64
		{81F63D9F-6328-3561-9528-259484CF347E}.Release|x64.ActiveCfg = Release|x64
		{81F63D9F-6328-3561-9528-259484CF347E}.Release|x64.Build.0 = Release|x64
		{81F63D9F-6328-3561-9528-259484CF347E}.MinSizeRel|x64.ActiveCfg = MinSizeRel|x64
		{81F63D9F-6328-3561-9528-259484CF347E}.MinSizeRel|x64.Build.0 = MinSizeRel|x64
		{81F63D9F-6328-3561-9528-259484CF347E}.RelWithDebInfo|x64.ActiveCfg = RelWithDebInfo|x64
		{81F63D9F-6328-3561-9528-259484CF347E}.RelWithDebInfo|x64.Build.0 = RelWithDebInfo|x64
		{B335AA4F-407E-3140-969B-EB5A8ED4F419}.Debug|x64.ActiveCfg = Debug|x64
		{B335AA4F-407E-3140-969B-EB5A8ED4F419}.Debug|x64.Build.0 = Debug|x64
		{B335AA4F-407E-3140-969B-EB5A8ED4F419}.Release|x64.ActiveCfg = Release|x64
		{B335AA4F-407E-3140-969B-EB5A8ED4F419}.Release|x64.Build.0 = Release|x64
		{B335AA4F-407E-3140-969B-EB5A8ED4F419}.MinSizeRel|x64.ActiveCfg = MinSizeRel|x64
		{B335AA4F-407E-3140-969B-EB5A8ED4F419}.MinSizeRel|x64.Build.0 = MinSizeRel|x64
		{B335AA4F-407E-3140-969B-EB5A8ED4F419}.RelWithDebInfo|x64.ActiveCfg = RelWithDebInfo|x64
		{B335AA4F-407E-3140-969B-EB5A8ED4F419}.RelWithDebInfo|x64.Build.0 = RelWithDebInfo|x64
		{C2F834EE-0671-3C10-82EC-38A26FD72C96}.Debug|x64.ActiveCfg = Debug|x64
		{C2F834EE-0671-3C10-82EC-38A26FD72C96}.Debug|x64.Build.0 = Debug|x64
		{C2F834EE-0671-3C10-82EC-38A26FD72C96}.Release|x64.ActiveCfg = Release|x64
		{C2F834EE-0671-3C10-82EC-38A26FD72C96}.Release|x64.Build.0 = Release|x64
		{C2F834EE-0671-3C10-82EC-38A26FD72C96}.MinSizeRel|x64.ActiveCfg = MinSizeRel|x64
		{C2F834EE-0671-3C10-82EC-38A26FD72C96}.MinSizeRel|x64.Build.0 = MinSizeRel|x64
		{C2F834EE-0671-3C10-82EC-38A26FD72C96}.RelWithDebInfo|x64.ActiveCfg = RelWithDebInfo|x64
		{C2F834EE-0671-3C10-82EC-38A26FD72C96}.RelWithDebInfo|x64.Build.0 = RelWithDebInfo|x64
		{43AB0207-9512-3760-9743-0054CE5121AF}.Debug|x64.ActiveCfg = Debug|x64
		{43AB0207-9512-3760-9743-0054CE5121AF}.Debug|x64.Build.0 = Debug|x64
		{43AB0207-9512-3760-9743-0054CE5121AF}.Release|x64.ActiveCfg = Release|x64
		{43AB0207-9512-3760-9743-0054CE5121AF}.Release|x64.Build.0 = Release|x64
		{43AB0207-9512-3760-9743-0054CE5121AF}.MinSizeRel|x64.ActiveCfg = MinSizeRel|x64
		{43AB0207-9512-3760-9743-0054CE5121AF}.MinSizeRel|x64.Build.0 = MinSizeRel|x64
		{43AB0207-9512-3760-9743-0054CE5121AF}.RelWithDebInfo|x64.ActiveCfg = RelWithDebInfo|x64
		{43AB0207-9512-3760-9743-0054CE5121AF}.RelWithDebInfo|x64.Build.0 = RelWithDebInfo|x64
		{ABBCC946-C971-3B45-81A0-0DA05598AF5C}.Debug|x64.ActiveCfg = Debug|x64
		{ABBCC946-C971-3B45-81A0-0DA05598AF5C}.Debug|x64.Build.0 = Debug|x64
		{ABBCC946-C971-3B45-81A0-0DA05598AF5C}.Release|x64.ActiveCfg = Release|x64
		{ABBCC946-C971-3B45-81A0-0DA05598AF5C}.Release|x64.Build.0 = Release|x64
		{ABBCC946-C971-3B45-81A0-0DA05598AF5C}.MinSizeRel|x64.ActiveCfg = MinSizeRel|x64
		{ABBCC946-C971-3B45-81A0-0DA05598AF5C}.MinSizeRel|x64.Build.0 = MinSizeRel|x64
		{ABBCC946-C971-3B45-81A0-0DA05598AF5C}.RelWithDebInfo|x64.ActiveCfg = RelWithDebInfo|x64
		{ABBCC946-C971-3B45-81A0-0DA05598AF5C}.RelWithDebInfo|x64.Build.0 = RelWithDebInfo|x64
		{36FE0EC9-5D76-3236-B647-00536B89CF5C}.Debug|x64.ActiveCfg = Debug|x64
		{36FE0EC9-5D76-3236-B647-00536B89CF5C}.Debug|x64.Build.0 = Debug|x64
		{36FE0EC9-5D76-3236-B647-00536B89CF5C}.Release|x64.ActiveCfg = Release|x64
		{36FE0EC9-5D76-3236-B647-00536B89CF5C}.Release|x64.Build.0 = Release|x64
		{36FE0EC9-5D76-3236-B647-00536B89CF5C}.MinSizeRel|x64.ActiveCfg = MinSizeRel|x64
		{36FE0EC9-5D76-3236-B647-00536B89CF5C}.MinSizeRel|x64.Build.0 = MinSizeRel|x64
		{36FE0EC9-5D76-3236-B647-00536B89CF5C}.RelWithDebInfo|x64.ActiveCfg = RelWithDebInfo|x64
		{36FE0EC9-5D76-3236-B647-00536B89CF5C}.RelWithDebInfo|x64.Build.0 = RelWithDebInfo|x64
	EndGlobalSection
	GlobalSection(NestedProjects) = preSolution
		{33CA9DE9-3E74-342A-957E-12D46FAECD7F} = {2071ACA7-9A6F-3471-82D1-D6BBC5CC4555}
		{9A2FCA2B-8A87-3495-90E4-4FB589C6E04A} = {2071ACA7-9A6F-3471-82D1-D6BBC5CC4555}
		{B335AA4F-407E-3140-969B-EB5A8ED4F419} = {2071ACA7-9A6F-3471-82D1-D6BBC5CC4555}
		{7EB138E4-9C4E-306A-A137-58079C7B83EE} = {F8CE3A8B-D65D-390B-92A1-72055B33FF5B}
		{C2F834EE-0671-3C10-82EC-38A26FD72C96} = {7EB138E4-9C4E-306A-A137-58079C7B83EE}
		{43AB0207-9512-3760-9743-0054CE5121AF} = {7EB138E4-9C4E-306A-A137-58079C7B83EE}
		{ABBCC946-C971-3B45-81A0-0DA05598AF5C} = {7EB138E4-9C4E-306A-A137-58079C7B83EE}
		{36FE0EC9-5D76-3236-B647-00536B89CF5C} = {7EB138E4-9C4E-306A-A137-58079C7B83EE}
	EndGlobalSection
	GlobalSection(ExtensibilityGlobals) = postSolution
		SolutionGuid = {0328B626-B8BD-3A3B-A036-755399476332}
	EndGlobalSection
	GlobalSection(ExtensibilityAddIns) = postSolution
	EndGlobalSection
EndGlobal
