<?xml version="1.0" encoding="utf-8"?>
<Project ToolsVersion="17.0" xmlns="http://schemas.microsoft.com/developer/msbuild/2003">
  <ItemGroup>
    <ClCompile Include="C:\Projects\modbuild\TestMod\main\src\pch.cpp">
      <Filter>src</Filter>
    </ClCompile>
  </ItemGroup>
  <ItemGroup>
    <ClInclude Include="C:\Projects\modbuild\TestMod\main\include\TestMod.hpp">
      <Filter>include</Filter>
    </ClInclude>
    <ClInclude Include="C:\Projects\modbuild\TestMod\main\src\pch.hpp">
      <Filter>src</Filter>
    </ClInclude>
  </ItemGroup>
  <ItemGroup>
    <CustomBuild Include="C:\Projects\modbuild\TestMod\main\CMakeLists.txt" />
  </ItemGroup>
  <ItemGroup>
    <Filter Include="include">
      <UniqueIdentifier>{3C03DF15-2F81-3D22-B04B-B47B7928077C}</UniqueIdentifier>
    </Filter>
    <Filter Include="src">
      <UniqueIdentifier>{8D52B57D-8419-36A0-B3E0-C5FAA298064F}</UniqueIdentifier>
    </Filter>
  </ItemGroup>
</Project>
